
Microsoft Visual Studio Solution File, Format Version 12.00
# Visual Studio Version 17
VisualStudioVersion = 17.3.32929.385
MinimumVisualStudioVersion = 10.0.40219.1
Project("{9A19103F-16F7-4668-BE54-9A1E7A4F7556}") = "CatalogService", "CatalogService\CatalogService.csproj", "{967CAE1B-DEFE-48BD-B06F-6AC2496C7177}"
EndProject
Project("{9A19103F-16F7-4668-BE54-9A1E7A4F7556}") = "APIGateway", "APIGateway\APIGateway.csproj", "{7324BCBF-622E-4FD9-BC80-3C9ECD1110B0}"
EndProject
Project("{9A19103F-16F7-4668-BE54-9A1E7A4F7556}") = "OrderService", "OrderService\OrderService.csproj", "{491A7A13-B686-4CF8-B852-BB8A907DB43B}"
EndProject
Project("{FAE04EC0-301F-11D3-BF4B-00C04F79EFBC}") = "SharedLibrary", "SharedLibrary\SharedLibrary.csproj", "{AF9425E1-B8B4-4BDA-9C2E-1732FF0DA16C}"
EndProject
Global
	GlobalSection(SolutionConfigurationPlatforms) = preSolution
		Debug|Any CPU = Debug|Any CPU
		Release|Any CPU = Release|Any CPU
	EndGlobalSection
	GlobalSection(ProjectConfigurationPlatforms) = postSolution
		{967CAE1B-DEFE-48BD-B06F-6AC2496C7177}.Debug|Any CPU.ActiveCfg = Debug|Any CPU
		{967CAE1B-DEFE-48BD-B06F-6AC2496C7177}.Debug|Any CPU.Build.0 = Debug|Any CPU
		{967CAE1B-DEFE-48BD-B06F-6AC2496C7177}.Release|Any CPU.ActiveCfg = Release|Any CPU
		{967CAE1B-DEFE-48BD-B06F-6AC2496C7177}.Release|Any CPU.Build.0 = Release|Any CPU
		{7324BCBF-622E-4FD9-BC80-3C9ECD1110B0}.Debug|Any CPU.ActiveCfg = Debug|Any CPU
		{7324BCBF-622E-4FD9-BC80-3C9ECD1110B0}.Debug|Any CPU.Build.0 = Debug|Any CPU
		{7324BCBF-622E-4FD9-BC80-3C9ECD1110B0}.Release|Any CPU.ActiveCfg = Release|Any CPU
		{7324BCBF-622E-4FD9-BC80-3C9ECD1110B0}.Release|Any CPU.Build.0 = Release|Any CPU
		{491A7A13-B686-4CF8-B852-BB8A907DB43B}.Debug|Any CPU.ActiveCfg = Debug|Any CPU
		{491A7A13-B686-4CF8-B852-BB8A907DB43B}.Debug|Any CPU.Build.0 = Debug|Any CPU
		{491A7A13-B686-4CF8-B852-BB8A907DB43B}.Release|Any CPU.ActiveCfg = Release|Any CPU
		{491A7A13-B686-4CF8-B852-BB8A907DB43B}.Release|Any CPU.Build.0 = Release|Any CPU
		{AF9425E1-B8B4-4BDA-9C2E-1732FF0DA16C}.Debug|Any CPU.ActiveCfg = Debug|Any CPU
		{AF9425E1-B8B4-4BDA-9C2E-1732FF0DA16C}.Debug|Any CPU.Build.0 = Debug|Any CPU
		{AF9425E1-B8B4-4BDA-9C2E-1732FF0DA16C}.Release|Any CPU.ActiveCfg = Release|Any CPU
		{AF9425E1-B8B4-4BDA-9C2E-1732FF0DA16C}.Release|Any CPU.Build.0 = Release|Any CPU
	EndGlobalSection
	GlobalSection(SolutionProperties) = preSolution
		HideSolutionNode = FALSE
	EndGlobalSection
	GlobalSection(ExtensibilityGlobals) = postSolution
		SolutionGuid = {9242E86B-2EAA-4B82-9088-B7F251F769EF}
	EndGlobalSection
EndGlobal
